
Microsoft Visual Studio Solution File, Format Version 12.00
# Visual Studio Version 17
VisualStudioVersion = 17.0.31825.309
MinimumVisualStudioVersion = 10.0.40219.1
Project("{9A19103F-16F7-4668-BE54-9A1E7A4F7556}") = "ConsoleApp1", "ConsoleApp1\ConsoleApp1.csproj", "{03A6CC6D-FFFF-43AF-B3FD-22B6FB79BC42}"
EndProject
Project("{54435603-DBB4-11D2-8724-00A0C9A8B90C}") = "Setup1", "Setup1\Setup1.vdproj", "{5A5A5E74-96E1-43F0-BF66-4A401A528B67}"
EndProject
Global
	GlobalSection(SolutionConfigurationPlatforms) = preSolution
		Debug|Any CPU = Debug|Any CPU
		Release|Any CPU = Release|Any CPU
	EndGlobalSection
	GlobalSection(ProjectConfigurationPlatforms) = postSolution
		{03A6CC6D-FFFF-43AF-B3FD-22B6FB79BC42}.Debug|Any CPU.ActiveCfg = Debug|Any CPU
		{03A6CC6D-FFFF-43AF-B3FD-22B6FB79BC42}.Debug|Any CPU.Build.0 = Debug|Any CPU
		{03A6CC6D-FFFF-43AF-B3FD-22B6FB79BC42}.Release|Any CPU.ActiveCfg = Release|Any CPU
		{03A6CC6D-FFFF-43AF-B3FD-22B6FB79BC42}.Release|Any CPU.Build.0 = Release|Any CPU
		{5A5A5E74-96E1-43F0-BF66-4A401A528B67}.Debug|Any CPU.ActiveCfg = Debug
		{5A5A5E74-96E1-43F0-BF66-4A401A528B67}.Release|Any CPU.ActiveCfg = Release
	EndGlobalSection
	GlobalSection(SolutionProperties) = preSolution
		HideSolutionNode = FALSE
	EndGlobalSection
	GlobalSection(ExtensibilityGlobals) = postSolution
		SolutionGuid = {1CF2812A-86D7-4112-86EB-BCF842ECBDDB}
	EndGlobalSection
EndGlobal
